
Microsoft Visual Studio Solution File, Format Version 12.00
# Visual Studio Version 17
VisualStudioVersion = 17.0.31903.59
MinimumVisualStudioVersion = 10.0.40219.1
Project("{FAE04EC0-301F-11D3-BF4B-00C04F79EFBC}") = "lab5", "lab5\lab5.csproj", "{CDB95090-43B3-4769-AD20-F0AA51293D72}"
EndProject
Global
	GlobalSection(SolutionConfigurationPlatforms) = preSolution
		Debug|Any CPU = Debug|Any CPU
		Release|Any CPU = Release|Any CPU
	EndGlobalSection
	GlobalSection(SolutionProperties) = preSolution
		HideSolutionNode = FALSE
	EndGlobalSection
	GlobalSection(ProjectConfigurationPlatforms) = postSolution
		{CDB95090-43B3-4769-AD20-F0AA51293D72}.Debug|Any CPU.ActiveCfg = Debug|Any CPU
		{CDB95090-43B3-4769-AD20-F0AA51293D72}.Debug|Any CPU.Build.0 = Debug|Any CPU
		{CDB95090-43B3-4769-AD20-F0AA51293D72}.Release|Any CPU.ActiveCfg = Release|Any CPU
		{CDB95090-43B3-4769-AD20-F0AA51293D72}.Release|Any CPU.Build.0 = Release|Any CPU
	EndGlobalSection
EndGlobal
